
Microsoft Visual Studio Solution File, Format Version 12.00
Project("{FAE04EC0-301F-11D3-BF4B-00C04F79EFBC}") = "RocksDbTable", "src\RocksDbTable.csproj", "{0216453F-C456-40DF-8FB6-A02A4708B602}"
EndProject
Project("{FAE04EC0-301F-11D3-BF4B-00C04F79EFBC}") = "Tests", "tests\Tests\Tests.csproj", "{BF2F1F85-2258-484D-967C-1AD9140AAED5}"
EndProject
Project("{FAE04EC0-301F-11D3-BF4B-00C04F79EFBC}") = "Benchmarks", "tests\Benchmarks\Benchmarks.csproj", "{641285CD-92FB-4AAB-A1C9-FEB136F71261}"
EndProject
Global
	GlobalSection(SolutionConfigurationPlatforms) = preSolution
		Debug|Any CPU = Debug|Any CPU
		Release|Any CPU = Release|Any CPU
	EndGlobalSection
	GlobalSection(ProjectConfigurationPlatforms) = postSolution
		{0216453F-C456-40DF-8FB6-A02A4708B602}.Debug|Any CPU.ActiveCfg = Debug|Any CPU
		{0216453F-C456-40DF-8FB6-A02A4708B602}.Debug|Any CPU.Build.0 = Debug|Any CPU
		{0216453F-C456-40DF-8FB6-A02A4708B602}.Release|Any CPU.ActiveCfg = Release|Any CPU
		{0216453F-C456-40DF-8FB6-A02A4708B602}.Release|Any CPU.Build.0 = Release|Any CPU
		{BF2F1F85-2258-484D-967C-1AD9140AAED5}.Debug|Any CPU.ActiveCfg = Debug|Any CPU
		{BF2F1F85-2258-484D-967C-1AD9140AAED5}.Debug|Any CPU.Build.0 = Debug|Any CPU
		{BF2F1F85-2258-484D-967C-1AD9140AAED5}.Release|Any CPU.ActiveCfg = Release|Any CPU
		{BF2F1F85-2258-484D-967C-1AD9140AAED5}.Release|Any CPU.Build.0 = Release|Any CPU
		{641285CD-92FB-4AAB-A1C9-FEB136F71261}.Debug|Any CPU.ActiveCfg = Debug|Any CPU
		{641285CD-92FB-4AAB-A1C9-FEB136F71261}.Debug|Any CPU.Build.0 = Debug|Any CPU
		{641285CD-92FB-4AAB-A1C9-FEB136F71261}.Release|Any CPU.ActiveCfg = Release|Any CPU
		{641285CD-92FB-4AAB-A1C9-FEB136F71261}.Release|Any CPU.Build.0 = Release|Any CPU
	EndGlobalSection
EndGlobal
